{
  "name": "js_bridge",
  "version": "1.0.0",
  "lockfileVersion": 3,
  "requires": true,
  "packages": {
    "": {
      "name": "js_bridge",
      "version": "1.0.0",
      "license": "ISC",
      "dependencies": {
        "tree-sitter-cobol": "^0.0.1",
        "tree-sitter-erlang": "github:WhatsApp/tree-sitter-erlang",
        "tree-sitter-pascal": "^0.0.1",
        "tree-sitter-perl": "^1.0.0",
        "tree-sitter-prolog": "^1.1.0",
        "tree-sitter-sfapex": "^2.4.1",
        "web-tree-sitter": "^0.26.8"
      }
    },
    "node_modules/nan": {
      "version": "2.26.2",
      "resolved": "https://registry.npmjs.org/nan/-/nan-2.26.2.tgz",
      "integrity": "sha512-0tTvBTYkt3tdGw22nrAy50x7gpbGCCFH3AFcyS5WiUu7Eu4vWlri1woE6qHBSfy11vksDqkiwjOnlR7WV8G1Hw==",
      "license": "MIT"
    },
    "node_modules/node-addon-api": {
      "version": "8.7.0",
      "resolved": "https://registry.npmjs.org/node-addon-api/-/node-addon-api-8.7.0.tgz",
      "integrity": "sha512-9MdFxmkKaOYVTV+XVRG8ArDwwQ77XIgIPyKASB1k3JPq3M8fGQQQE3YpMOrKm6g//Ktx8ivZr8xo1Qmtqub+GA==",
      "license": "MIT",
      "engines": {
        "node": "^18 || ^20 || >= 21"
      }
    },
    "node_modules/node-gyp-build": {
      "version": "4.8.4",
      "resolved": "https://registry.npmjs.org/node-gyp-build/-/node-gyp-build-4.8.4.tgz",
      "integrity": "sha512-LA4ZjwlnUblHVgq0oBF3Jl/6h/Nvs5fzBLwdEF4nuxnFdsfajde4WfxtJr3CaiH+F6ewcIB/q4jQ4UzPyid+CQ==",
      "license": "MIT",
      "bin": {
        "node-gyp-build": "bin.js",
        "node-gyp-build-optional": "optional.js",
        "node-gyp-build-test": "build-test.js"
      }
    },
    "node_modules/prettier": {
      "version": "2.8.8",
      "resolved": "https://registry.npmjs.org/prettier/-/prettier-2.8.8.tgz",
      "integrity": "sha512-tdN8qQGvNjw4CHbY+XXk0JgCXn9QiF21a55rBe5LJAU+kDyC4WQn4+awm2Xfk2lQMk5fKup9XgzTZtGkjBdP9Q==",
      "license": "MIT",
      "bin": {
        "prettier": "bin-prettier.js"
      },
      "engines": {
        "node": ">=10.13.0"
      },
      "funding": {
        "url": "https://github.com/prettier/prettier?sponsor=1"
      }
    },
    "node_modules/tree-sitter": {
      "version": "0.22.4",
      "resolved": "https://registry.npmjs.org/tree-sitter/-/tree-sitter-0.22.4.tgz",
      "integrity": "sha512-usbHZP9/oxNsUY65MQUsduGRqDHQOou1cagUSwjhoSYAmSahjQDAVsh9s+SlZkn8X8+O1FULRGwHu7AFP3kjzg==",
      "hasInstallScript": true,
      "license": "MIT",
      "peer": true,
      "dependencies": {
        "node-addon-api": "^8.3.0",
        "node-gyp-build": "^4.8.4"
      }
    },
    "node_modules/tree-sitter-cli": {
      "version": "0.23.2",
      "resolved": "https://registry.npmjs.org/tree-sitter-cli/-/tree-sitter-cli-0.23.2.tgz",
      "integrity": "sha512-kPPXprOqREX+C/FgUp2Qpt9jd0vSwn+hOgjzVv/7hapdoWpa+VeWId53rf4oNNd29ikheF12BYtGD/W90feMbA==",
      "hasInstallScript": true,
      "license": "MIT",
      "bin": {
        "tree-sitter": "cli.js"
      },
      "engines": {
        "node": ">=12.0.0"
      }
    },
    "node_modules/tree-sitter-cobol": {
      "version": "0.0.1",
      "resolved": "https://registry.npmjs.org/tree-sitter-cobol/-/tree-sitter-cobol-0.0.1.tgz",
      "integrity": "sha512-E6QMKKipzKw9v3IVFF4t03txk21Oq+shNbkNpv+3MdDudu2qsO91vhAcgLq3N0B9J2BS5OXRZU9HqmcBRKO6mg==",
      "hasInstallScript": true,
      "license": "MIT",
      "dependencies": {
        "nan": "^2.17.0"
      }
    },
    "node_modules/tree-sitter-erlang": {
      "version": "0.0.0",
      "resolved": "git+ssh://git@github.com/WhatsApp/tree-sitter-erlang.git#1d78195c4fbb1fc027eb3e4220427f1eb8bfc89e",
      "hasInstallScript": true,
      "license": "Apache-2.0",
      "dependencies": {
        "node-addon-api": "^7.1.0",
        "node-gyp-build": "^4.8.0",
        "prettier": "^2.2.1",
        "tree-sitter-cli": "^0.23.0"
      },
      "peerDependencies": {
        "tree-sitter": "^0.22.4"
      },
      "peerDependenciesMeta": {
        "tree_sitter": {
          "optional": true
        }
      }
    },
    "node_modules/tree-sitter-erlang/node_modules/node-addon-api": {
      "version": "7.1.1",
      "resolved": "https://registry.npmjs.org/node-addon-api/-/node-addon-api-7.1.1.tgz",
      "integrity": "sha512-5m3bsyrjFWE1xf7nz7YXdN4udnVtXK6/Yfgn5qnahL6bCkf2yKt4k3nuTKAtT4r3IG8JNR2ncsIMdZuAzJjHQQ==",
      "license": "MIT"
    },
    "node_modules/tree-sitter-pascal": {
      "version": "0.0.1",
      "resolved": "https://registry.npmjs.org/tree-sitter-pascal/-/tree-sitter-pascal-0.0.1.tgz",
      "integrity": "sha512-GV2xnNuwAyM9wSJpsBekqFGKpBO90WnbO/tvwzJYX6SwKoTLdQ0Mg9HeoAiUUtLi3VNjUmtsAAfj2YN3KlH0gA==",
      "hasInstallScript": true,
      "license": "MIT",
      "dependencies": {
        "nan": "2.14.0"
      }
    },
    "node_modules/tree-sitter-pascal/node_modules/nan": {
      "version": "2.14.0",
      "resolved": "https://registry.npmjs.org/nan/-/nan-2.14.0.tgz",
      "integrity": "sha512-INOFj37C7k3AfaNTtX8RhsTw7qRy7eLET14cROi9+5HAVbbHuIWUHEauBv5qT4Av2tWasiTY1Jw6puUNqRJXQg==",
      "license": "MIT"
    },
    "node_modules/tree-sitter-perl": {
      "version": "1.0.0",
      "resolved": "https://registry.npmjs.org/tree-sitter-perl/-/tree-sitter-perl-1.0.0.tgz",
      "integrity": "sha512-+W6vtaa06srk9yfsbvO3Emnafmon0Ddy9BJKpl5JZC/ge9HOeI955JdS5brwmsdmMWrbyjQRTEl7so3isD7vXA==",
      "hasInstallScript": true,
      "license": "MIT",
      "dependencies": {
        "node-addon-api": "^8.3.0",
        "node-gyp-build": "^4.8.4"
      },
      "engines": {
        "node": ">= 20.0.0"
      },
      "peerDependencies": {
        "tree-sitter": "^0.22.0"
      },
      "peerDependenciesMeta": {
        "tree-sitter": {
          "optional": true
        }
      }
    },
    "node_modules/tree-sitter-prolog": {
      "version": "1.1.0",
      "resolved": "https://registry.npmjs.org/tree-sitter-prolog/-/tree-sitter-prolog-1.1.0.tgz",
      "integrity": "sha512-zgXjnoMC21brsoIPK8VT/kvG3mmXDieVjTpasqZAqd+7BX0RcuhXKsLLasUbptpartMEs+Rzt6gzBLbiuYjeQg==",
      "hasInstallScript": true,
      "license": "ISC",
      "dependencies": {
        "nan": "^2.14.2"
      }
    },
    "node_modules/tree-sitter-sfapex": {
      "version": "2.4.1",
      "resolved": "https://registry.npmjs.org/tree-sitter-sfapex/-/tree-sitter-sfapex-2.4.1.tgz",
      "integrity": "sha512-QcL2VYbv0RX5vjKt5T8xHNPaXML2lwL/bKlZPDEDjEhe+2sbfQuA8LeovWALF+6jteMq8mqG0CzT/BJ0zLk/kg==",
      "hasInstallScript": true,
      "license": "MIT",
      "dependencies": {
        "node-addon-api": "^7.1.0",
        "node-gyp-build": "^4.8.0"
      },
      "peerDependencies": {
        "tree-sitter": "^0.22.4"
      },
      "peerDependenciesMeta": {
        "tree_sitter": {
          "optional": true
        }
      }
    },
    "node_modules/tree-sitter-sfapex/node_modules/node-addon-api": {
      "version": "7.1.1",
      "resolved": "https://registry.npmjs.org/node-addon-api/-/node-addon-api-7.1.1.tgz",
      "integrity": "sha512-5m3bsyrjFWE1xf7nz7YXdN4udnVtXK6/Yfgn5qnahL6bCkf2yKt4k3nuTKAtT4r3IG8JNR2ncsIMdZuAzJjHQQ==",
      "license": "MIT"
    },
    "node_modules/web-tree-sitter": {
      "version": "0.26.8",
      "resolved": "https://registry.npmjs.org/web-tree-sitter/-/web-tree-sitter-0.26.8.tgz",
      "integrity": "sha512-4sUwi7ZyOrIk5KLgYLkc2A/F0LFMQnBhfb+2Cdl7ik4ePJ6JD+fk4ofI2sA5eGawBKBaK4Vntt7Ww5KcEsay4A==",
      "license": "MIT"
    }
  }
}
